{
  "name": "frontend",
  "version": "1.0.0",
  "lockfileVersion": 3,
  "requires": true,
  "packages": {
    "": {
      "name": "frontend",
      "version": "1.0.0",
      "license": "ISC",
      "dependencies": {
        "react-hook-form": "^7.54.0",
        "root": "^3.2.0"
      }
    },
    "node_modules/inherits": {
      "version": "2.0.4",
      "resolved": "https://registry.npmjs.org/inherits/-/inherits-2.0.4.tgz",
      "integrity": "sha512-k/vGaX4/Yla3WzyMCvTQOXYeIHvqOKtnqBduzTHpzpQZzAskKMhZ2K+EnBiSM9zGSoIFeMpXKxa4dYeZIQqewQ=="
    },
    "node_modules/murl": {
      "version": "0.4.1",
      "resolved": "https://registry.npmjs.org/murl/-/murl-0.4.1.tgz",
      "integrity": "sha512-nmQvZQciixQQk15yjyn0npt+cyjZ4WjzHtp/pkvkatlc3N0bo2rJNKisgcJwp9U92wlGuxTc1jsm1/vvTFvW/g=="
    },
    "node_modules/network-address": {
      "version": "0.0.5",
      "resolved": "https://registry.npmjs.org/network-address/-/network-address-0.0.5.tgz",
      "integrity": "sha512-XAY9TbtvRU8BX6Ih8h6pmMTy0jODse8e6DrfQwhnfQqkK5C8qP/tkSMuvMIgc/ct0asXBXjtSewUDa7ywwtTtA==",
      "bin": {
        "network-address": "cli.js"
      }
    },
    "node_modules/protein": {
      "version": "0.5.0",
      "resolved": "https://registry.npmjs.org/protein/-/protein-0.5.0.tgz",
      "integrity": "sha512-CmJkAuPEFGmKOL5lIsmnbMWMgXjVf78PrKW0tyC/2jQmt6eJrnDP+iMpECf40QYpVUGFcjiYKPWnDyDzbO5HBQ=="
    },
    "node_modules/react": {
      "version": "19.0.0",
      "resolved": "https://registry.npmjs.org/react/-/react-19.0.0.tgz",
      "integrity": "sha512-V8AVnmPIICiWpGfm6GLzCR/W5FXLchHop40W4nXBmdlEceh16rCN8O8LNWm5bh5XUX91fh7KpA+W0TgMKmgTpQ==",
      "peer": true,
      "engines": {
        "node": ">=0.10.0"
      }
    },
    "node_modules/react-hook-form": {
      "version": "7.54.0",
      "resolved": "https://registry.npmjs.org/react-hook-form/-/react-hook-form-7.54.0.tgz",
      "integrity": "sha512-PS05+UQy/IdSbJNojBypxAo9wllhHgGmyr8/dyGQcPoiMf3e7Dfb9PWYVRco55bLbxH9S+1yDDJeTdlYCSxO3A==",
      "engines": {
        "node": ">=18.0.0"
      },
      "funding": {
        "type": "opencollective",
        "url": "https://opencollective.com/react-hook-form"
      },
      "peerDependencies": {
        "react": "^16.8.0 || ^17 || ^18 || ^19"
      }
    },
    "node_modules/root": {
      "version": "3.2.0",
      "resolved": "https://registry.npmjs.org/root/-/root-3.2.0.tgz",
      "integrity": "sha512-wf5+B2EYTaLHSrepuC/5S2F6jZYid/t/hikYccZOfI7TvxecogoDC9c0DOrdOlcEeEmzmhzLt+QmjIQwxGVsNA==",
      "dependencies": {
        "inherits": "^2.0.3",
        "murl": "0.4.x",
        "network-address": "0.0.x",
        "protein": "0.5.x"
      }
    }
  }
}
